
Microsoft Visual Studio Solution File, Format Version 12.00
# Visual Studio Version 17
VisualStudioVersion = 17.11.35303.130
MinimumVisualStudioVersion = 10.0.40219.1
Project("{FAE04EC0-301F-11D3-BF4B-00C04F79EFBC}") = "RenduFinalPSI", "RenduFinalPSI\RenduFinalPSI.csproj", "{101765EE-4E2F-4CC2-B199-26BBAD9AA6AF}"
EndProject
Global
	GlobalSection(SolutionConfigurationPlatforms) = preSolution
		Debug|Any CPU = Debug|Any CPU
		Release|Any CPU = Release|Any CPU
	EndGlobalSection
	GlobalSection(ProjectConfigurationPlatforms) = postSolution
		{101765EE-4E2F-4CC2-B199-26BBAD9AA6AF}.Debug|Any CPU.ActiveCfg = Debug|Any CPU
		{101765EE-4E2F-4CC2-B199-26BBAD9AA6AF}.Debug|Any CPU.Build.0 = Debug|Any CPU
		{101765EE-4E2F-4CC2-B199-26BBAD9AA6AF}.Release|Any CPU.ActiveCfg = Release|Any CPU
		{101765EE-4E2F-4CC2-B199-26BBAD9AA6AF}.Release|Any CPU.Build.0 = Release|Any CPU
	EndGlobalSection
	GlobalSection(SolutionProperties) = preSolution
		HideSolutionNode = FALSE
	EndGlobalSection
	GlobalSection(ExtensibilityGlobals) = postSolution
		SolutionGuid = {33D745AA-3803-4A33-8F6B-B5B6658EA5B0}
	EndGlobalSection
EndGlobal
